
Microsoft Visual Studio Solution File, Format Version 12.00
# Visual Studio Version 17
VisualStudioVersion = 17.9.34616.47
MinimumVisualStudioVersion = 10.0.40219.1
Project("{FAE04EC0-301F-11D3-BF4B-00C04F79EFBC}") = "form", "form\form.csproj", "{E0A5A76B-47EE-4548-8F0C-96ED87F9F592}"
EndProject
Global
	GlobalSection(SolutionConfigurationPlatforms) = preSolution
		Debug|Any CPU = Debug|Any CPU
		Release|Any CPU = Release|Any CPU
	EndGlobalSection
	GlobalSection(ProjectConfigurationPlatforms) = postSolution
		{E0A5A76B-47EE-4548-8F0C-96ED87F9F592}.Debug|Any CPU.ActiveCfg = Debug|Any CPU
		{E0A5A76B-47EE-4548-8F0C-96ED87F9F592}.Debug|Any CPU.Build.0 = Debug|Any CPU
		{E0A5A76B-47EE-4548-8F0C-96ED87F9F592}.Release|Any CPU.ActiveCfg = Release|Any CPU
		{E0A5A76B-47EE-4548-8F0C-96ED87F9F592}.Release|Any CPU.Build.0 = Release|Any CPU
	EndGlobalSection
	GlobalSection(SolutionProperties) = preSolution
		HideSolutionNode = FALSE
	EndGlobalSection
	GlobalSection(ExtensibilityGlobals) = postSolution
		SolutionGuid = {A7C1835A-122E-49A8-AD36-C40786153F0E}
	EndGlobalSection
EndGlobal
